
Microsoft Visual Studio Solution File, Format Version 12.00
# Visual Studio Version 16
VisualStudioVersion = 16.0.29911.84
MinimumVisualStudioVersion = 10.0.40219.1
Project("{FAE04EC0-301F-11D3-BF4B-00C04F79EFBC}") = "BaiThucHanhBuoi1", "BaiThucHanhBuoi1\BaiThucHanhBuoi1.csproj", "{D3915E2F-C36D-4102-985C-CAC42724FBF9}"
EndProject
Project("{FAE04EC0-301F-11D3-BF4B-00C04F79EFBC}") = "Bai2", "Bai2\Bai2.csproj", "{48CF76C2-EC12-40C7-AAB5-7F2D2D5F60FE}"
EndProject
Global
	GlobalSection(SolutionConfigurationPlatforms) = preSolution
		Debug|Any CPU = Debug|Any CPU
		Release|Any CPU = Release|Any CPU
	EndGlobalSection
	GlobalSection(ProjectConfigurationPlatforms) = postSolution
		{D3915E2F-C36D-4102-985C-CAC42724FBF9}.Debug|Any CPU.ActiveCfg = Debug|Any CPU
		{D3915E2F-C36D-4102-985C-CAC42724FBF9}.Debug|Any CPU.Build.0 = Debug|Any CPU
		{D3915E2F-C36D-4102-985C-CAC42724FBF9}.Release|Any CPU.ActiveCfg = Release|Any CPU
		{D3915E2F-C36D-4102-985C-CAC42724FBF9}.Release|Any CPU.Build.0 = Release|Any CPU
		{48CF76C2-EC12-40C7-AAB5-7F2D2D5F60FE}.Debug|Any CPU.ActiveCfg = Debug|Any CPU
		{48CF76C2-EC12-40C7-AAB5-7F2D2D5F60FE}.Debug|Any CPU.Build.0 = Debug|Any CPU
		{48CF76C2-EC12-40C7-AAB5-7F2D2D5F60FE}.Release|Any CPU.ActiveCfg = Release|Any CPU
		{48CF76C2-EC12-40C7-AAB5-7F2D2D5F60FE}.Release|Any CPU.Build.0 = Release|Any CPU
	EndGlobalSection
	GlobalSection(SolutionProperties) = preSolution
		HideSolutionNode = FALSE
	EndGlobalSection
	GlobalSection(ExtensibilityGlobals) = postSolution
		SolutionGuid = {12ABF57F-4765-46E4-AFDE-BD998144A3EC}
	EndGlobalSection
EndGlobal
